// !$*UTF8*$!
{
	archiveVersion = 1;
	classes = {
	};
	objectVersion = 77;
	objects = {

/* Begin PBXContainerItemProxy section */
		41E0360B2CA3A80700C77D00 /* PBXContainerItemProxy */ = {
			isa = PBXContainerItemProxy;
			containerPortal = 41E035F22CA3A80600C77D00 /* Project object */;
			proxyType = 1;
			remoteGlobalIDString = 41E035F92CA3A80600C77D00;
			remoteInfo = SwiftUISpriteKitViewtest;
		};
		41E036152CA3A80700C77D00 /* PBXContainerItemProxy */ = {
			isa = PBXContainerItemProxy;
			containerPortal = 41E035F22CA3A80600C77D00 /* Project object */;
			proxyType = 1;
			remoteGlobalIDString = 41E035F92CA3A80600C77D00;
			remoteInfo = SwiftUISpriteKitViewtest;
		};
/* End PBXContainerItemProxy section */

/* Begin PBXFileReference section */
		41E035FA2CA3A80600C77D00 /* SwiftUISpriteKitViewtest.app */ = {isa = PBXFileReference; explicitFileType = wrapper.application; includeInIndex = 0; path = SwiftUISpriteKitViewtest.app; sourceTree = BUILT_PRODUCTS_DIR; };
		41E0360A2CA3A80700C77D00 /* SwiftUISpriteKitViewtestTests.xctest */ = {isa = PBXFileReference; explicitFileType = wrapper.cfbundle; includeInIndex = 0; path = SwiftUISpriteKitViewtestTests.xctest; sourceTree = BUILT_PRODUCTS_DIR; };
		41E036142CA3A80700C77D00 /* SwiftUISpriteKitViewtestUITests.xctest */ = {isa = PBXFileReference; explicitFileType = wrapper.cfbundle; includeInIndex = 0; path = SwiftUISpriteKitViewtestUITests.xctest; sourceTree = BUILT_PRODUCTS_DIR; };
/* End PBXFileReference section */

/* Begin PBXFileSystemSynchronizedRootGroup section */
		41E035FC2CA3A80600C77D00 /* SwiftUISpriteKitViewtest */ = {
			isa = PBXFileSystemSynchronizedRootGroup;
			path = SwiftUISpriteKitViewtest;
			sourceTree = "<group>";
		};
		41E0360D2CA3A80700C77D00 /* SwiftUISpriteKitViewtestTests */ = {
			isa = PBXFileSystemSynchronizedRootGroup;
			path = SwiftUISpriteKitViewtestTests;
			sourceTree = "<group>";
		};
		41E036172CA3A80700C77D00 /* SwiftUISpriteKitViewtestUITests */ = {
			isa = PBXFileSystemSynchronizedRootGroup;
			path = SwiftUISpriteKitViewtestUITests;
			sourceTree = "<group>";
		};
/* End PBXFileSystemSynchronizedRootGroup section */

/* Begin PBXFrameworksBuildPhase section */
		41E035F72CA3A80600C77D00 /* Frameworks */ = {
			isa = PBXFrameworksBuildPhase;
			buildActionMask = 2147483647;
			files = (
			);
			runOnlyForDeploymentPostprocessing = 0;
		};
		41E036072CA3A80700C77D00 /* Frameworks */ = {
			isa = PBXFrameworksBuildPhase;
			buildActionMask = 2147483647;
			files = (
			);
			runOnlyForDeploymentPostprocessing = 0;
		};
		41E036112CA3A80700C77D00 /* Frameworks */ = {
			isa = PBXFrameworksBuildPhase;
			buildActionMask = 2147483647;
			files = (
			);
			runOnlyForDeploymentPostprocessing = 0;
		};
/* End PBXFrameworksBuildPhase section */

/* Begin PBXGroup section */
		41E035F12CA3A80600C77D00 = {
			isa = PBXGroup;
			children = (
				41E035FC2CA3A80600C77D00 /* SwiftUISpriteKitViewtest */,
				41E0360D2CA3A80700C77D00 /* SwiftUISpriteKitViewtestTests */,
				41E036172CA3A80700C77D00 /* SwiftUISpriteKitViewtestUITests */,
				41E035FB2CA3A80600C77D00 /* Products */,
			);
			sourceTree = "<group>";
		};
		41E035FB2CA3A80600C77D00 /* Products */ = {
			isa = PBXGroup;
			children = (
				41E035FA2CA3A80600C77D00 /* SwiftUISpriteKitViewtest.app */,
				41E0360A2CA3A80700C77D00 /* SwiftUISpriteKitViewtestTests.xctest */,
				41E036142CA3A80700C77D00 /* SwiftUISpriteKitViewtestUITests.xctest */,
			);
			name = Products;
			sourceTree = "<group>";
		};
/* End PBXGroup section */

/* Begin PBXNativeTarget section */
		41E035F92CA3A80600C77D00 /* SwiftUISpriteKitViewtest */ = {
			isa = PBXNativeTarget;
			buildConfigurationList = 41E0361E2CA3A80700C77D00 /* Build configuration list for PBXNativeTarget "SwiftUISpriteKitViewtest" */;
			buildPhases = (
				41E035F62CA3A80600C77D00 /* Sources */,
				41E035F72CA3A80600C77D00 /* Frameworks */,
				41E035F82CA3A80600C77D00 /* Resources */,
			);
			buildRules = (
			);
			dependencies = (
			);
			fileSystemSynchronizedGroups = (
				41E035FC2CA3A80600C77D00 /* SwiftUISpriteKitViewtest */,
			);
			name = SwiftUISpriteKitViewtest;
			packageProductDependencies = (
			);
			productName = SwiftUISpriteKitViewtest;
			productReference = 41E035FA2CA3A80600C77D00 /* SwiftUISpriteKitViewtest.app */;
			productType = "com.apple.product-type.application";
		};
		41E036092CA3A80700C77D00 /* SwiftUISpriteKitViewtestTests */ = {
			isa = PBXNativeTarget;
			buildConfigurationList = 41E036212CA3A80700C77D00 /* Build configuration list for PBXNativeTarget "SwiftUISpriteKitViewtestTests" */;
			buildPhases = (
				41E036062CA3A80700C77D00 /* Sources */,
				41E036072CA3A80700C77D00 /* Frameworks */,
				41E036082CA3A80700C77D00 /* Resources */,
			);
			buildRules = (
			);
			dependencies = (
				41E0360C2CA3A80700C77D00 /* PBXTargetDependency */,
			);
			fileSystemSynchronizedGroups = (
				41E0360D2CA3A80700C77D00 /* SwiftUISpriteKitViewtestTests */,
			);
			name = SwiftUISpriteKitViewtestTests;
			packageProductDependencies = (
			);
			productName = SwiftUISpriteKitViewtestTests;
			productReference = 41E0360A2CA3A80700C77D00 /* SwiftUISpriteKitViewtestTests.xctest */;
			productType = "com.apple.product-type.bundle.unit-test";
		};
		41E036132CA3A80700C77D00 /* SwiftUISpriteKitViewtestUITests */ = {
			isa = PBXNativeTarget;
			buildConfigurationList = 41E036242CA3A80700C77D00 /* Build configuration list for PBXNativeTarget "SwiftUISpriteKitViewtestUITests" */;
			buildPhases = (
				41E036102CA3A80700C77D00 /* Sources */,
				41E036112CA3A80700C77D00 /* Frameworks */,
				41E036122CA3A80700C77D00 /* Resources */,
			);
			buildRules = (
			);
			dependencies = (
				41E036162CA3A80700C77D00 /* PBXTargetDependency */,
			);
			fileSystemSynchronizedGroups = (
				41E036172CA3A80700C77D00 /* SwiftUISpriteKitViewtestUITests */,
			);
			name = SwiftUISpriteKitViewtestUITests;
			packageProductDependencies = (
			);
			productName = SwiftUISpriteKitViewtestUITests;
			productReference = 41E036142CA3A80700C77D00 /* SwiftUISpriteKitViewtestUITests.xctest */;
			productType = "com.apple.product-type.bundle.ui-testing";
		};
/* End PBXNativeTarget section */

/* Begin PBXProject section */
		41E035F22CA3A80600C77D00 /* Project object */ = {
			isa = PBXProject;
			attributes = {
				BuildIndependentTargetsInParallel = 1;
				LastSwiftUpdateCheck = 1600;
				LastUpgradeCheck = 1600;
				TargetAttributes = {
					41E035F92CA3A80600C77D00 = {
						CreatedOnToolsVersion = 16.0;
					};
					41E036092CA3A80700C77D00 = {
						CreatedOnToolsVersion = 16.0;
						TestTargetID = 41E035F92CA3A80600C77D00;
					};
					41E036132CA3A80700C77D00 = {
						CreatedOnToolsVersion = 16.0;
						TestTargetID = 41E035F92CA3A80600C77D00;
					};
				};
			};
			buildConfigurationList = 41E035F52CA3A80600C77D00 /* Build configuration list for PBXProject "SwiftUISpriteKitViewtest" */;
			developmentRegion = en;
			hasScannedForEncodings = 0;
			knownRegions = (
				en,
				Base,
			);
			mainGroup = 41E035F12CA3A80600C77D00;
			minimizedProjectReferenceProxies = 1;
			preferredProjectObjectVersion = 77;
			productRefGroup = 41E035FB2CA3A80600C77D00 /* Products */;
			projectDirPath = "";
			projectRoot = "";
			targets = (
				41E035F92CA3A80600C77D00 /* SwiftUISpriteKitViewtest */,
				41E036092CA3A80700C77D00 /* SwiftUISpriteKitViewtestTests */,
				41E036132CA3A80700C77D00 /* SwiftUISpriteKitViewtestUITests */,
			);
		};
/* End PBXProject section */

/* Begin PBXResourcesBuildPhase section */
		41E035F82CA3A80600C77D00 /* Resources */ = {
			isa = PBXResourcesBuildPhase;
			buildActionMask = 2147483647;
			files = (
			);
			runOnlyForDeploymentPostprocessing = 0;
		};
		41E036082CA3A80700C77D00 /* Resources */ = {
			isa = PBXResourcesBuildPhase;
			buildActionMask = 2147483647;
			files = (
			);
			runOnlyForDeploymentPostprocessing = 0;
		};
		41E036122CA3A80700C77D00 /* Resources */ = {
			isa = PBXResourcesBuildPhase;
			buildActionMask = 2147483647;
			files = (
			);
			runOnlyForDeploymentPostprocessing = 0;
		};
/* End PBXResourcesBuildPhase section */

/* Begin PBXSourcesBuildPhase section */
		41E035F62CA3A80600C77D00 /* Sources */ = {
			isa = PBXSourcesBuildPhase;
			buildActionMask = 2147483647;
			files = (
			);
			runOnlyForDeploymentPostprocessing = 0;
		};
		41E036062CA3A80700C77D00 /* Sources */ = {
			isa = PBXSourcesBuildPhase;
			buildActionMask = 2147483647;
			files = (
			);
			runOnlyForDeploymentPostprocessing = 0;
		};
		41E036102CA3A80700C77D00 /* Sources */ = {
			isa = PBXSourcesBuildPhase;
			buildActionMask = 2147483647;
			files = (
			);
			runOnlyForDeploymentPostprocessing = 0;
		};
/* End PBXSourcesBuildPhase section */

/* Begin PBXTargetDependency section */
		41E0360C2CA3A80700C77D00 /* PBXTargetDependency */ = {
			isa = PBXTargetDependency;
			target = 41E035F92CA3A80600C77D00 /* SwiftUISpriteKitViewtest */;
			targetProxy = 41E0360B2CA3A80700C77D00 /* PBXContainerItemProxy */;
		};
		41E036162CA3A80700C77D00 /* PBXTargetDependency */ = {
			isa = PBXTargetDependency;
			target = 41E035F92CA3A80600C77D00 /* SwiftUISpriteKitViewtest */;
			targetProxy = 41E036152CA3A80700C77D00 /* PBXContainerItemProxy */;
		};
/* End PBXTargetDependency section */

/* Begin XCBuildConfiguration section */
		41E0361C2CA3A80700C77D00 /* Debug */ = {
			isa = XCBuildConfiguration;
			buildSettings = {
				ALWAYS_SEARCH_USER_PATHS = NO;
				ASSETCATALOG_COMPILER_GENERATE_SWIFT_ASSET_SYMBOL_EXTENSIONS = YES;
				CLANG_ANALYZER_NONNULL = YES;
				CLANG_ANALYZER_NUMBER_OBJECT_CONVERSION = YES_AGGRESSIVE;
				CLANG_CXX_LANGUAGE_STANDARD = "gnu++20";
				CLANG_ENABLE_MODULES = YES;
				CLANG_ENABLE_OBJC_ARC = YES;
				CLANG_ENABLE_OBJC_WEAK = YES;
				CLANG_WARN_BLOCK_CAPTURE_AUTORELEASING = YES;
				CLANG_WARN_BOOL_CONVERSION = YES;
				CLANG_WARN_COMMA = YES;
				CLANG_WARN_CONSTANT_CONVERSION = YES;
				CLANG_WARN_DEPRECATED_OBJC_IMPLEMENTATIONS = YES;
				CLANG_WARN_DIRECT_OBJC_ISA_USAGE = YES_ERROR;
				CLANG_WARN_DOCUMENTATION_COMMENTS = YES;
				CLANG_WARN_EMPTY_BODY = YES;
				CLANG_WARN_ENUM_CONVERSION = YES;
				CLANG_WARN_INFINITE_RECURSION = YES;
				CLANG_WARN_INT_CONVERSION = YES;
				CLANG_WARN_NON_LITERAL_NULL_CONVERSION = YES;
				CLANG_WARN_OBJC_IMPLICIT_RETAIN_SELF = YES;
				CLANG_WARN_OBJC_LITERAL_CONVERSION = YES;
				CLANG_WARN_OBJC_ROOT_CLASS = YES_ERROR;
				CLANG_WARN_QUOTED_INCLUDE_IN_FRAMEWORK_HEADER = YES;
				CLANG_WARN_RANGE_LOOP_ANALYSIS = YES;
				CLANG_WARN_STRICT_PROTOTYPES = YES;
				CLANG_WARN_SUSPICIOUS_MOVE = YES;
				CLANG_WARN_UNGUARDED_AVAILABILITY = YES_AGGRESSIVE;
				CLANG_WARN_UNREACHABLE_CODE = YES;
				CLANG_WARN__DUPLICATE_METHOD_MATCH = YES;
				COPY_PHASE_STRIP = NO;
				DEBUG_INFORMATION_FORMAT = dwarf;
				ENABLE_STRICT_OBJC_MSGSEND = YES;
				ENABLE_TESTABILITY = YES;
				ENABLE_USER_SCRIPT_SANDBOXING = YES;
				GCC_C_LANGUAGE_STANDARD = gnu17;
				GCC_DYNAMIC_NO_PIC = NO;
				GCC_NO_COMMON_BLOCKS = YES;
				GCC_OPTIMIZATION_LEVEL = 0;
				GCC_PREPROCESSOR_DEFINITIONS = (
					"DEBUG=1",
					"$(inherited)",
				);
				GCC_WARN_64_TO_32_BIT_CONVERSION = YES;
				GCC_WARN_ABOUT_RETURN_TYPE = YES_ERROR;
				GCC_WARN_UNDECLARED_SELECTOR = YES;
				GCC_WARN_UNINITIALIZED_AUTOS = YES_AGGRESSIVE;
				GCC_WARN_UNUSED_FUNCTION = YES;
				GCC_WARN_UNUSED_VARIABLE = YES;
				IPHONEOS_DEPLOYMENT_TARGET = 18.0;
				LOCALIZATION_PREFERS_STRING_CATALOGS = YES;
				MTL_ENABLE_DEBUG_INFO = INCLUDE_SOURCE;
				MTL_FAST_MATH = YES;
				ONLY_ACTIVE_ARCH = YES;
				SDKROOT = iphoneos;
				SWIFT_ACTIVE_COMPILATION_CONDITIONS = "DEBUG $(inherited)";
				SWIFT_OPTIMIZATION_LEVEL = "-Onone";
			};
			name = Debug;
		};
		41E0361D2CA3A80700C77D00 /* Release */ = {
			isa = XCBuildConfiguration;
			buildSettings = {
				ALWAYS_SEARCH_USER_PATHS = NO;
				ASSETCATALOG_COMPILER_GENERATE_SWIFT_ASSET_SYMBOL_EXTENSIONS = YES;
				CLANG_ANALYZER_NONNULL = YES;
				CLANG_ANALYZER_NUMBER_OBJECT_CONVERSION = YES_AGGRESSIVE;
				CLANG_CXX_LANGUAGE_STANDARD = "gnu++20";
				CLANG_ENABLE_MODULES = YES;
				CLANG_ENABLE_OBJC_ARC = YES;
				CLANG_ENABLE_OBJC_WEAK = YES;
				CLANG_WARN_BLOCK_CAPTURE_AUTORELEASING = YES;
				CLANG_WARN_BOOL_CONVERSION = YES;
				CLANG_WARN_COMMA = YES;
				CLANG_WARN_CONSTANT_CONVERSION = YES;
				CLANG_WARN_DEPRECATED_OBJC_IMPLEMENTATIONS = YES;
				CLANG_WARN_DIRECT_OBJC_ISA_USAGE = YES_ERROR;
				CLANG_WARN_DOCUMENTATION_COMMENTS = YES;
				CLANG_WARN_EMPTY_BODY = YES;
				CLANG_WARN_ENUM_CONVERSION = YES;
				CLANG_WARN_INFINITE_RECURSION = YES;
				CLANG_WARN_INT_CONVERSION = YES;
				CLANG_WARN_NON_LITERAL_NULL_CONVERSION = YES;
				CLANG_WARN_OBJC_IMPLICIT_RETAIN_SELF = YES;
				CLANG_WARN_OBJC_LITERAL_CONVERSION = YES;
				CLANG_WARN_OBJC_ROOT_CLASS = YES_ERROR;
				CLANG_WARN_QUOTED_INCLUDE_IN_FRAMEWORK_HEADER = YES;
				CLANG_WARN_RANGE_LOOP_ANALYSIS = YES;
				CLANG_WARN_STRICT_PROTOTYPES = YES;
				CLANG_WARN_SUSPICIOUS_MOVE = YES;
				CLANG_WARN_UNGUARDED_AVAILABILITY = YES_AGGRESSIVE;
				CLANG_WARN_UNREACHABLE_CODE = YES;
				CLANG_WARN__DUPLICATE_METHOD_MATCH = YES;
				COPY_PHASE_STRIP = NO;
				DEBUG_INFORMATION_FORMAT = "dwarf-with-dsym";
				ENABLE_NS_ASSERTIONS = NO;
				ENABLE_STRICT_OBJC_MSGSEND = YES;
				ENABLE_USER_SCRIPT_SANDBOXING = YES;
				GCC_C_LANGUAGE_STANDARD = gnu17;
				GCC_NO_COMMON_BLOCKS = YES;
				GCC_WARN_64_TO_32_BIT_CONVERSION = YES;
				GCC_WARN_ABOUT_RETURN_TYPE = YES_ERROR;
				GCC_WARN_UNDECLARED_SELECTOR = YES;
				GCC_WARN_UNINITIALIZED_AUTOS = YES_AGGRESSIVE;
				GCC_WARN_UNUSED_FUNCTION = YES;
				GCC_WARN_UNUSED_VARIABLE = YES;
				IPHONEOS_DEPLOYMENT_TARGET = 18.0;
				LOCALIZATION_PREFERS_STRING_CATALOGS = YES;
				MTL_ENABLE_DEBUG_INFO = NO;
				MTL_FAST_MATH = YES;
				SDKROOT = iphoneos;
				SWIFT_COMPILATION_MODE = wholemodule;
				VALIDATE_PRODUCT = YES;
			};
			name = Release;
		};
		41E0361F2CA3A80700C77D00 /* Debug */ = {
			isa = XCBuildConfiguration;
			buildSettings = {
				ASSETCATALOG_COMPILER_APPICON_NAME = AppIcon;
				ASSETCATALOG_COMPILER_GLOBAL_ACCENT_COLOR_NAME = AccentColor;
				CODE_SIGN_STYLE = Automatic;
				CURRENT_PROJECT_VERSION = 1;
				DEVELOPMENT_ASSET_PATHS = "\"SwiftUISpriteKitViewtest/Preview Content\"";
				DEVELOPMENT_TEAM = 947MDTH7AR;
				ENABLE_PREVIEWS = YES;
				GENERATE_INFOPLIST_FILE = YES;
				INFOPLIST_KEY_UIApplicationSceneManifest_Generation = YES;
				INFOPLIST_KEY_UIApplicationSupportsIndirectInputEvents = YES;
				INFOPLIST_KEY_UILaunchScreen_Generation = YES;
				INFOPLIST_KEY_UISupportedInterfaceOrientations_iPad = "UIInterfaceOrientationPortrait UIInterfaceOrientationPortraitUpsideDown UIInterfaceOrientationLandscapeLeft UIInterfaceOrientationLandscapeRight";
				INFOPLIST_KEY_UISupportedInterfaceOrientations_iPhone = "UIInterfaceOrientationPortrait UIInterfaceOrientationLandscapeLeft UIInterfaceOrientationLandscapeRight";
				LD_RUNPATH_SEARCH_PATHS = (
					"$(inherited)",
					"@executable_path/Frameworks",
				);
				MARKETING_VERSION = 1.0;
				PRODUCT_BUNDLE_IDENTIFIER = FrankfurtIndustries.SwiftUISpriteKitViewtest;
				PRODUCT_NAME = "$(TARGET_NAME)";
				SWIFT_EMIT_LOC_STRINGS = YES;
				SWIFT_VERSION = 5.0;
				TARGETED_DEVICE_FAMILY = "1,2";
			};
			name = Debug;
		};
		41E036202CA3A80700C77D00 /* Release */ = {
			isa = XCBuildConfiguration;
			buildSettings = {
				ASSETCATALOG_COMPILER_APPICON_NAME = AppIcon;
				ASSETCATALOG_COMPILER_GLOBAL_ACCENT_COLOR_NAME = AccentColor;
				CODE_SIGN_STYLE = Automatic;
				CURRENT_PROJECT_VERSION = 1;
				DEVELOPMENT_ASSET_PATHS = "\"SwiftUISpriteKitViewtest/Preview Content\"";
				DEVELOPMENT_TEAM = 947MDTH7AR;
				ENABLE_PREVIEWS = YES;
				GENERATE_INFOPLIST_FILE = YES;
				INFOPLIST_KEY_UIApplicationSceneManifest_Generation = YES;
				INFOPLIST_KEY_UIApplicationSupportsIndirectInputEvents = YES;
				INFOPLIST_KEY_UILaunchScreen_Generation = YES;
				INFOPLIST_KEY_UISupportedInterfaceOrientations_iPad = "UIInterfaceOrientationPortrait UIInterfaceOrientationPortraitUpsideDown UIInterfaceOrientationLandscapeLeft UIInterfaceOrientationLandscapeRight";
				INFOPLIST_KEY_UISupportedInterfaceOrientations_iPhone = "UIInterfaceOrientationPortrait UIInterfaceOrientationLandscapeLeft UIInterfaceOrientationLandscapeRight";
				LD_RUNPATH_SEARCH_PATHS = (
					"$(inherited)",
					"@executable_path/Frameworks",
				);
				MARKETING_VERSION = 1.0;
				PRODUCT_BUNDLE_IDENTIFIER = FrankfurtIndustries.SwiftUISpriteKitViewtest;
				PRODUCT_NAME = "$(TARGET_NAME)";
				SWIFT_EMIT_LOC_STRINGS = YES;
				SWIFT_VERSION = 5.0;
				TARGETED_DEVICE_FAMILY = "1,2";
			};
			name = Release;
		};
		41E036222CA3A80700C77D00 /* Debug */ = {
			isa = XCBuildConfiguration;
			buildSettings = {
				BUNDLE_LOADER = "$(TEST_HOST)";
				CODE_SIGN_STYLE = Automatic;
				CURRENT_PROJECT_VERSION = 1;
				DEVELOPMENT_TEAM = 947MDTH7AR;
				GENERATE_INFOPLIST_FILE = YES;
				IPHONEOS_DEPLOYMENT_TARGET = 18.0;
				MARKETING_VERSION = 1.0;
				PRODUCT_BUNDLE_IDENTIFIER = FrankfurtIndustries.SwiftUISpriteKitViewtestTests;
				PRODUCT_NAME = "$(TARGET_NAME)";
				SWIFT_EMIT_LOC_STRINGS = NO;
				SWIFT_VERSION = 5.0;
				TARGETED_DEVICE_FAMILY = "1,2";
				TEST_HOST = "$(BUILT_PRODUCTS_DIR)/SwiftUISpriteKitViewtest.app/$(BUNDLE_EXECUTABLE_FOLDER_PATH)/SwiftUISpriteKitViewtest";
			};
			name = Debug;
		};
		41E036232CA3A80700C77D00 /* Release */ = {
			isa = XCBuildConfiguration;
			buildSettings = {
				BUNDLE_LOADER = "$(TEST_HOST)";
				CODE_SIGN_STYLE = Automatic;
				CURRENT_PROJECT_VERSION = 1;
				DEVELOPMENT_TEAM = 947MDTH7AR;
				GENERATE_INFOPLIST_FILE = YES;
				IPHONEOS_DEPLOYMENT_TARGET = 18.0;
				MARKETING_VERSION = 1.0;
				PRODUCT_BUNDLE_IDENTIFIER = FrankfurtIndustries.SwiftUISpriteKitViewtestTests;
				PRODUCT_NAME = "$(TARGET_NAME)";
				SWIFT_EMIT_LOC_STRINGS = NO;
				SWIFT_VERSION = 5.0;
				TARGETED_DEVICE_FAMILY = "1,2";
				TEST_HOST = "$(BUILT_PRODUCTS_DIR)/SwiftUISpriteKitViewtest.app/$(BUNDLE_EXECUTABLE_FOLDER_PATH)/SwiftUISpriteKitViewtest";
			};
			name = Release;
		};
		41E036252CA3A80700C77D00 /* Debug */ = {
			isa = XCBuildConfiguration;
			buildSettings = {
				CODE_SIGN_STYLE = Automatic;
				CURRENT_PROJECT_VERSION = 1;
				DEVELOPMENT_TEAM = 947MDTH7AR;
				GENERATE_INFOPLIST_FILE = YES;
				MARKETING_VERSION = 1.0;
				PRODUCT_BUNDLE_IDENTIFIER = FrankfurtIndustries.SwiftUISpriteKitViewtestUITests;
				PRODUCT_NAME = "$(TARGET_NAME)";
				SWIFT_EMIT_LOC_STRINGS = NO;
				SWIFT_VERSION = 5.0;
				TARGETED_DEVICE_FAMILY = "1,2";
				TEST_TARGET_NAME = SwiftUISpriteKitViewtest;
			};
			name = Debug;
		};
		41E036262CA3A80700C77D00 /* Release */ = {
			isa = XCBuildConfiguration;
			buildSettings = {
				CODE_SIGN_STYLE = Automatic;
				CURRENT_PROJECT_VERSION = 1;
				DEVELOPMENT_TEAM = 947MDTH7AR;
				GENERATE_INFOPLIST_FILE = YES;
				MARKETING_VERSION = 1.0;
				PRODUCT_BUNDLE_IDENTIFIER = FrankfurtIndustries.SwiftUISpriteKitViewtestUITests;
				PRODUCT_NAME = "$(TARGET_NAME)";
				SWIFT_EMIT_LOC_STRINGS = NO;
				SWIFT_VERSION = 5.0;
				TARGETED_DEVICE_FAMILY = "1,2";
				TEST_TARGET_NAME = SwiftUISpriteKitViewtest;
			};
			name = Release;
		};
/* End XCBuildConfiguration section */

/* Begin XCConfigurationList section */
		41E035F52CA3A80600C77D00 /* Build configuration list for PBXProject "SwiftUISpriteKitViewtest" */ = {
			isa = XCConfigurationList;
			buildConfigurations = (
				41E0361C2CA3A80700C77D00 /* Debug */,
				41E0361D2CA3A80700C77D00 /* Release */,
			);
			defaultConfigurationIsVisible = 0;
			defaultConfigurationName = Release;
		};
		41E0361E2CA3A80700C77D00 /* Build configuration list for PBXNativeTarget "SwiftUISpriteKitViewtest" */ = {
			isa = XCConfigurationList;
			buildConfigurations = (
				41E0361F2CA3A80700C77D00 /* Debug */,
				41E036202CA3A80700C77D00 /* Release */,
			);
			defaultConfigurationIsVisible = 0;
			defaultConfigurationName = Release;
		};
		41E036212CA3A80700C77D00 /* Build configuration list for PBXNativeTarget "SwiftUISpriteKitViewtestTests" */ = {
			isa = XCConfigurationList;
			buildConfigurations = (
				41E036222CA3A80700C77D00 /* Debug */,
				41E036232CA3A80700C77D00 /* Release */,
			);
			defaultConfigurationIsVisible = 0;
			defaultConfigurationName = Release;
		};
		41E036242CA3A80700C77D00 /* Build configuration list for PBXNativeTarget "SwiftUISpriteKitViewtestUITests" */ = {
			isa = XCConfigurationList;
			buildConfigurations = (
				41E036252CA3A80700C77D00 /* Debug */,
				41E036262CA3A80700C77D00 /* Release */,
			);
			defaultConfigurationIsVisible = 0;
			defaultConfigurationName = Release;
		};
/* End XCConfigurationList section */
	};
	rootObject = 41E035F22CA3A80600C77D00 /* Project object */;
}
